
Microsoft Visual Studio Solution File, Format Version 12.00
# Visual Studio Version 16
VisualStudioVersion = 16.0.30011.22
MinimumVisualStudioVersion = 10.0.40219.1
Project("{9A19103F-16F7-4668-BE54-9A1E7A4F7556}") = "assemblytest", "assemblytest.csproj", "{F95BBE53-ACE6-4F4E-8F6C-8C3674E4C46A}"
EndProject
Global
	GlobalSection(SolutionConfigurationPlatforms) = preSolution
		Debug|Any CPU = Debug|Any CPU
		Release|Any CPU = Release|Any CPU
	EndGlobalSection
	GlobalSection(ProjectConfigurationPlatforms) = postSolution
		{F95BBE53-ACE6-4F4E-8F6C-8C3674E4C46A}.Debug|Any CPU.ActiveCfg = Debug|Any CPU
		{F95BBE53-ACE6-4F4E-8F6C-8C3674E4C46A}.Debug|Any CPU.Build.0 = Debug|Any CPU
		{F95BBE53-ACE6-4F4E-8F6C-8C3674E4C46A}.Release|Any CPU.ActiveCfg = Release|Any CPU
		{F95BBE53-ACE6-4F4E-8F6C-8C3674E4C46A}.Release|Any CPU.Build.0 = Release|Any CPU
	EndGlobalSection
	GlobalSection(SolutionProperties) = preSolution
		HideSolutionNode = FALSE
	EndGlobalSection
	GlobalSection(ExtensibilityGlobals) = postSolution
		SolutionGuid = {67C67C2E-9673-46FB-A358-1B30994652FF}
	EndGlobalSection
EndGlobal
